
Microsoft Visual Studio Solution File, Format Version 12.00
Project("{FAE04EC0-301F-11D3-BF4B-00C04F79EFBC}") = "ProjectA", "ProjectA\ProjectA.csproj", "{6CBE4D0A-6D0B-4055-8145-1C6F02104AEF}"
EndProject
Global
	GlobalSection(SolutionConfigurationPlatforms) = preSolution
		Debug|Any CPU = Debug|Any CPU
		Release|Any CPU = Release|Any CPU
	EndGlobalSection
	GlobalSection(ProjectConfigurationPlatforms) = postSolution
		{6CBE4D0A-6D0B-4055-8145-1C6F02104AEF}.Debug|Any CPU.ActiveCfg = Debug|Any CPU
		{6CBE4D0A-6D0B-4055-8145-1C6F02104AEF}.Debug|Any CPU.Build.0 = Debug|Any CPU
		{6CBE4D0A-6D0B-4055-8145-1C6F02104AEF}.Release|Any CPU.ActiveCfg = Release|Any CPU
		{6CBE4D0A-6D0B-4055-8145-1C6F02104AEF}.Release|Any CPU.Build.0 = Release|Any CPU
	EndGlobalSection
EndGlobal
